
Microsoft Visual Studio Solution File, Format Version 12.00
# Visual Studio Version 16
VisualStudioVersion = 16.0.29806.167
MinimumVisualStudioVersion = 10.0.40219.1
Project("{9A19103F-16F7-4668-BE54-9A1E7A4F7556}") = "Lab1", "Lab1\Lab1.csproj", "{AA1148B8-C42F-4162-83DE-A53FF50C5CF7}"
EndProject
Project("{9A19103F-16F7-4668-BE54-9A1E7A4F7556}") = "Lab2", "Lab2\Lab2.csproj", "{EE273F5F-3595-4B16-B225-CDA9E1773DCC}"
EndProject
Project("{9A19103F-16F7-4668-BE54-9A1E7A4F7556}") = "Lab3", "Lab3\Lab3.csproj", "{476C3C42-45F8-4CB9-92DD-6B2ACE2BD072}"
EndProject
Project("{9A19103F-16F7-4668-BE54-9A1E7A4F7556}") = "Lab4", "Lab4\Lab4.csproj", "{E024CC0D-014A-46FD-8460-423AAAA7D1D9}"
EndProject
Project("{9A19103F-16F7-4668-BE54-9A1E7A4F7556}") = "Lab5", "Lab5\Lab5.csproj", "{650E2B0E-11FD-4E4E-9893-7059DDC7C625}"
EndProject
Project("{9A19103F-16F7-4668-BE54-9A1E7A4F7556}") = "Lab6", "Lab6\Lab6.csproj", "{ECA57A1A-FCAE-43C4-8C32-BE2D10C22908}"
EndProject
Project("{9A19103F-16F7-4668-BE54-9A1E7A4F7556}") = "Lab7", "Lab7\Lab7.csproj", "{36680AB8-A03C-4601-9D50-1C6861E5C6A5}"
EndProject
Project("{FAE04EC0-301F-11D3-BF4B-00C04F79EFBC}") = "Lab3.1", "Lab3.1\Lab3.1.csproj", "{A6284ACA-E714-4814-B16A-DE809564EC41}"
EndProject
Global
	GlobalSection(SolutionConfigurationPlatforms) = preSolution
		Debug|Any CPU = Debug|Any CPU
		Release|Any CPU = Release|Any CPU
	EndGlobalSection
	GlobalSection(ProjectConfigurationPlatforms) = postSolution
		{AA1148B8-C42F-4162-83DE-A53FF50C5CF7}.Debug|Any CPU.ActiveCfg = Debug|Any CPU
		{AA1148B8-C42F-4162-83DE-A53FF50C5CF7}.Debug|Any CPU.Build.0 = Debug|Any CPU
		{AA1148B8-C42F-4162-83DE-A53FF50C5CF7}.Release|Any CPU.ActiveCfg = Release|Any CPU
		{AA1148B8-C42F-4162-83DE-A53FF50C5CF7}.Release|Any CPU.Build.0 = Release|Any CPU
		{EE273F5F-3595-4B16-B225-CDA9E1773DCC}.Debug|Any CPU.ActiveCfg = Debug|Any CPU
		{EE273F5F-3595-4B16-B225-CDA9E1773DCC}.Debug|Any CPU.Build.0 = Debug|Any CPU
		{EE273F5F-3595-4B16-B225-CDA9E1773DCC}.Release|Any CPU.ActiveCfg = Release|Any CPU
		{EE273F5F-3595-4B16-B225-CDA9E1773DCC}.Release|Any CPU.Build.0 = Release|Any CPU
		{476C3C42-45F8-4CB9-92DD-6B2ACE2BD072}.Debug|Any CPU.ActiveCfg = Debug|Any CPU
		{476C3C42-45F8-4CB9-92DD-6B2ACE2BD072}.Debug|Any CPU.Build.0 = Debug|Any CPU
		{476C3C42-45F8-4CB9-92DD-6B2ACE2BD072}.Release|Any CPU.ActiveCfg = Release|Any CPU
		{476C3C42-45F8-4CB9-92DD-6B2ACE2BD072}.Release|Any CPU.Build.0 = Release|Any CPU
		{E024CC0D-014A-46FD-8460-423AAAA7D1D9}.Debug|Any CPU.ActiveCfg = Debug|Any CPU
		{E024CC0D-014A-46FD-8460-423AAAA7D1D9}.Debug|Any CPU.Build.0 = Debug|Any CPU
		{E024CC0D-014A-46FD-8460-423AAAA7D1D9}.Release|Any CPU.ActiveCfg = Release|Any CPU
		{E024CC0D-014A-46FD-8460-423AAAA7D1D9}.Release|Any CPU.Build.0 = Release|Any CPU
		{650E2B0E-11FD-4E4E-9893-7059DDC7C625}.Debug|Any CPU.ActiveCfg = Debug|Any CPU
		{650E2B0E-11FD-4E4E-9893-7059DDC7C625}.Debug|Any CPU.Build.0 = Debug|Any CPU
		{650E2B0E-11FD-4E4E-9893-7059DDC7C625}.Release|Any CPU.ActiveCfg = Release|Any CPU
		{650E2B0E-11FD-4E4E-9893-7059DDC7C625}.Release|Any CPU.Build.0 = Release|Any CPU
		{ECA57A1A-FCAE-43C4-8C32-BE2D10C22908}.Debug|Any CPU.ActiveCfg = Debug|Any CPU
		{ECA57A1A-FCAE-43C4-8C32-BE2D10C22908}.Debug|Any CPU.Build.0 = Debug|Any CPU
		{ECA57A1A-FCAE-43C4-8C32-BE2D10C22908}.Release|Any CPU.ActiveCfg = Release|Any CPU
		{ECA57A1A-FCAE-43C4-8C32-BE2D10C22908}.Release|Any CPU.Build.0 = Release|Any CPU
		{36680AB8-A03C-4601-9D50-1C6861E5C6A5}.Debug|Any CPU.ActiveCfg = Debug|Any CPU
		{36680AB8-A03C-4601-9D50-1C6861E5C6A5}.Debug|Any CPU.Build.0 = Debug|Any CPU
		{36680AB8-A03C-4601-9D50-1C6861E5C6A5}.Release|Any CPU.ActiveCfg = Release|Any CPU
		{36680AB8-A03C-4601-9D50-1C6861E5C6A5}.Release|Any CPU.Build.0 = Release|Any CPU
		{A6284ACA-E714-4814-B16A-DE809564EC41}.Debug|Any CPU.ActiveCfg = Debug|Any CPU
		{A6284ACA-E714-4814-B16A-DE809564EC41}.Debug|Any CPU.Build.0 = Debug|Any CPU
		{A6284ACA-E714-4814-B16A-DE809564EC41}.Release|Any CPU.ActiveCfg = Release|Any CPU
		{A6284ACA-E714-4814-B16A-DE809564EC41}.Release|Any CPU.Build.0 = Release|Any CPU
	EndGlobalSection
	GlobalSection(SolutionProperties) = preSolution
		HideSolutionNode = FALSE
	EndGlobalSection
	GlobalSection(ExtensibilityGlobals) = postSolution
		SolutionGuid = {03919680-0001-43EF-ACA3-D2043B5D8ECE}
	EndGlobalSection
EndGlobal
